
Microsoft Visual Studio Solution File, Format Version 12.00
# Visual Studio 15
VisualStudioVersion = 15.0.27130.0
MinimumVisualStudioVersion = 10.0.40219.1
Project("{9A19103F-16F7-4668-BE54-9A1E7A4F7556}") = "MyCodeCamp", "MyCodeCamp\MyCodeCamp.csproj", "{BED0C569-9CF8-42EC-99A7-47CF62899BE0}"
EndProject
Project("{9A19103F-16F7-4668-BE54-9A1E7A4F7556}") = "MyCodeCamp.Data", "MyCodeCamp.Data\MyCodeCamp.Data.csproj", "{D68B1457-40E0-459E-B6CE-FC69478F8133}"
EndProject
Global
	GlobalSection(SolutionConfigurationPlatforms) = preSolution
		Debug|Any CPU = Debug|Any CPU
		Release|Any CPU = Release|Any CPU
	EndGlobalSection
	GlobalSection(ProjectConfigurationPlatforms) = postSolution
		{BED0C569-9CF8-42EC-99A7-47CF62899BE0}.Debug|Any CPU.ActiveCfg = Debug|Any CPU
		{BED0C569-9CF8-42EC-99A7-47CF62899BE0}.Debug|Any CPU.Build.0 = Debug|Any CPU
		{BED0C569-9CF8-42EC-99A7-47CF62899BE0}.Release|Any CPU.ActiveCfg = Release|Any CPU
		{BED0C569-9CF8-42EC-99A7-47CF62899BE0}.Release|Any CPU.Build.0 = Release|Any CPU
		{D68B1457-40E0-459E-B6CE-FC69478F8133}.Debug|Any CPU.ActiveCfg = Debug|Any CPU
		{D68B1457-40E0-459E-B6CE-FC69478F8133}.Debug|Any CPU.Build.0 = Debug|Any CPU
		{D68B1457-40E0-459E-B6CE-FC69478F8133}.Release|Any CPU.ActiveCfg = Release|Any CPU
		{D68B1457-40E0-459E-B6CE-FC69478F8133}.Release|Any CPU.Build.0 = Release|Any CPU
	EndGlobalSection
	GlobalSection(SolutionProperties) = preSolution
		HideSolutionNode = FALSE
	EndGlobalSection
	GlobalSection(ExtensibilityGlobals) = postSolution
		SolutionGuid = {1C481619-C640-40FD-AA1D-10FA2E85A797}
	EndGlobalSection
EndGlobal
